
Microsoft Visual Studio Solution File, Format Version 12.00
# Visual Studio Version 17
VisualStudioVersion = 17.3.32922.545
MinimumVisualStudioVersion = 10.0.40219.1
Project("{FAE04EC0-301F-11D3-BF4B-00C04F79EFBC}") = "Tema2-CuadrosTexto", "Tema2-CuadrosTexto\Tema2-CuadrosTexto.csproj", "{1EF3940B-5FF9-427A-A675-0F94F36932FF}"
EndProject
Global
	GlobalSection(SolutionConfigurationPlatforms) = preSolution
		Debug|Any CPU = Debug|Any CPU
		Release|Any CPU = Release|Any CPU
	EndGlobalSection
	GlobalSection(ProjectConfigurationPlatforms) = postSolution
		{1EF3940B-5FF9-427A-A675-0F94F36932FF}.Debug|Any CPU.ActiveCfg = Debug|Any CPU
		{1EF3940B-5FF9-427A-A675-0F94F36932FF}.Debug|Any CPU.Build.0 = Debug|Any CPU
		{1EF3940B-5FF9-427A-A675-0F94F36932FF}.Release|Any CPU.ActiveCfg = Release|Any CPU
		{1EF3940B-5FF9-427A-A675-0F94F36932FF}.Release|Any CPU.Build.0 = Release|Any CPU
	EndGlobalSection
	GlobalSection(SolutionProperties) = preSolution
		HideSolutionNode = FALSE
	EndGlobalSection
	GlobalSection(ExtensibilityGlobals) = postSolution
		SolutionGuid = {33CC6A18-59FB-4974-AFA5-FA9C63CD34B7}
	EndGlobalSection
EndGlobal
